
Microsoft Visual Studio Solution File, Format Version 12.00
# Visual Studio Version 16
VisualStudioVersion = 16.0.29728.190
MinimumVisualStudioVersion = 10.0.40219.1
Project("{FAE04EC0-301F-11D3-BF4B-00C04F79EFBC}") = "e-conomicTest", "e-conomicTest\e-conomicTest.csproj", "{A59D38D6-984B-4E11-BC20-CC4020B86F22}"
EndProject
Global
	GlobalSection(SolutionConfigurationPlatforms) = preSolution
		Debug|Any CPU = Debug|Any CPU
		Release|Any CPU = Release|Any CPU
	EndGlobalSection
	GlobalSection(ProjectConfigurationPlatforms) = postSolution
		{A59D38D6-984B-4E11-BC20-CC4020B86F22}.Debug|Any CPU.ActiveCfg = Debug|Any CPU
		{A59D38D6-984B-4E11-BC20-CC4020B86F22}.Debug|Any CPU.Build.0 = Debug|Any CPU
		{A59D38D6-984B-4E11-BC20-CC4020B86F22}.Release|Any CPU.ActiveCfg = Release|Any CPU
		{A59D38D6-984B-4E11-BC20-CC4020B86F22}.Release|Any CPU.Build.0 = Release|Any CPU
	EndGlobalSection
	GlobalSection(SolutionProperties) = preSolution
		HideSolutionNode = FALSE
	EndGlobalSection
	GlobalSection(ExtensibilityGlobals) = postSolution
		SolutionGuid = {FA0DCF6D-FE11-4FBD-A1D7-D9202B3FBB4F}
	EndGlobalSection
EndGlobal
